# THIS IS AN AUTOGENERATED FILE. DO NOT EDIT THIS FILE DIRECTLY.
# yarn lockfile v1


"promise-nodeify@>= 0.1":
  version "3.0.1"
  resolved "http://registry.npm.taobao.org/promise-nodeify/download/promise-nodeify-3.0.1.tgz#f0f5d9720ee9ec71dd2bfa92667be504c10229c2"

"proxying-agent@>= 2.1":
  version "2.2.1"
  resolved "http://registry.npm.taobao.org/proxying-agent/download/proxying-agent-2.2.1.tgz#d30cf98b6cf3c50e96ad4f4f595513e11ce757ab"

tinify@^1.6.0-beta.2:
  version "1.6.0-beta.2"
  resolved "http://registry.npm.taobao.org/tinify/download/tinify-1.6.0-beta.2.tgz#5985ca021d11685d846c53ac8465dce78116adfe"
  dependencies:
    promise-nodeify ">= 0.1"
    proxying-agent ">= 2.1"
